
Microsoft Visual Studio Solution File, Format Version 12.00
Project("{FAE04EC0-301F-11D3-BF4B-00C04F79EFBC}") = "RequestPipelines", "RequestPipelines\RequestPipelines.csproj", "{28AF47FC-6DF4-4123-BE81-DDB05ABC5F94}"
EndProject
Project("{FAE04EC0-301F-11D3-BF4B-00C04F79EFBC}") = "RequestPipelines.Tests", "RequestPipelines.Tests\RequestPipelines.Tests.csproj", "{7D34F057-538F-4057-87E3-3A1FDEA7E04B}"
EndProject
Project("{FAE04EC0-301F-11D3-BF4B-00C04F79EFBC}") = "Runner", "Runner\Runner.csproj", "{CA364BD8-922E-475E-9297-133EFB5B1943}"
EndProject
Global
	GlobalSection(SolutionConfigurationPlatforms) = preSolution
		Debug|Any CPU = Debug|Any CPU
		Release|Any CPU = Release|Any CPU
	EndGlobalSection
	GlobalSection(ProjectConfigurationPlatforms) = postSolution
		{28AF47FC-6DF4-4123-BE81-DDB05ABC5F94}.Debug|Any CPU.ActiveCfg = Debug|Any CPU
		{28AF47FC-6DF4-4123-BE81-DDB05ABC5F94}.Debug|Any CPU.Build.0 = Debug|Any CPU
		{28AF47FC-6DF4-4123-BE81-DDB05ABC5F94}.Release|Any CPU.ActiveCfg = Release|Any CPU
		{28AF47FC-6DF4-4123-BE81-DDB05ABC5F94}.Release|Any CPU.Build.0 = Release|Any CPU
		{7D34F057-538F-4057-87E3-3A1FDEA7E04B}.Debug|Any CPU.ActiveCfg = Debug|Any CPU
		{7D34F057-538F-4057-87E3-3A1FDEA7E04B}.Debug|Any CPU.Build.0 = Debug|Any CPU
		{7D34F057-538F-4057-87E3-3A1FDEA7E04B}.Release|Any CPU.ActiveCfg = Release|Any CPU
		{7D34F057-538F-4057-87E3-3A1FDEA7E04B}.Release|Any CPU.Build.0 = Release|Any CPU
		{CA364BD8-922E-475E-9297-133EFB5B1943}.Debug|Any CPU.ActiveCfg = Debug|Any CPU
		{CA364BD8-922E-475E-9297-133EFB5B1943}.Debug|Any CPU.Build.0 = Debug|Any CPU
		{CA364BD8-922E-475E-9297-133EFB5B1943}.Release|Any CPU.ActiveCfg = Release|Any CPU
		{CA364BD8-922E-475E-9297-133EFB5B1943}.Release|Any CPU.Build.0 = Release|Any CPU
	EndGlobalSection
EndGlobal
